Microsoft Visual Studio Solution File, Format Version 12.00
# Visual Studio 14
VisualStudioVersion = 14.0.25420.1
MinimumVisualStudioVersion = 10.0.40219.1
Project("{8BC9CEB8-8B4A-11D0-8D11-00A0C91BC942}") = "fx", "..\..\..\fx\projects\vc10-Win\fx.vcxproj", "{24229F25-2CDF-4A7D-9EA4-65D8823D85B7}"
EndProject
Project("{8BC9CEB8-8B4A-11D0-8D11-00A0C91BC942}") = "rt", "..\..\..\rt\projects\vc10-Win\rt.vcxproj", "{69859B7B-2B94-4C0D-90EE-A2C5E8554BCE}"
EndProject
Project("{8BC9CEB8-8B4A-11D0-8D11-00A0C91BC942}") = "viewer", "viewer.vcxproj", "{8B0BD623-09D5-4298-BF93-FC31540CC854}"
	ProjectSection(ProjectDependencies) = postProject
		{02BD8297-6078-4D09-9BA5-3EDBCF475AE7} = {02BD8297-6078-4D09-9BA5-3EDBCF475AE7}
		{69236BDE-DAF8-3065-A7CF-881FB4FBE838} = {69236BDE-DAF8-3065-A7CF-881FB4FBE838}
	EndProjectSection
EndProject
Project("{8BC9CEB8-8B4A-11D0-8D11-00A0C91BC942}") = "dom", "..\..\..\dom\projects\vc10-Win\dom.vcxproj", "{02BD8297-6078-4D09-9BA5-3EDBCF475AE7}"
EndProject
Project("{8BC9CEB8-8B4A-11D0-8D11-00A0C91BC942}") = "glui_static", "..\..\external-libs\GLUI\CMake\glui_static.vcxproj", "{69236BDE-DAF8-3065-A7CF-881FB4FBE838}"
EndProject
Project("{8BC9CEB8-8B4A-11D0-8D11-00A0C91BC942}") = "glui_obj", "..\..\external-libs\GLUI\CMake\glui_obj.vcxproj", "{8324EDAA-EE23-358C-991D-2A4EC09DBD21}"
EndProject
Global
	GlobalSection(SolutionConfigurationPlatforms) = preSolution
		Debug|Win32 = Debug|Win32
		Debug|x64 = Debug|x64
		MinSizeRel|Win32 = MinSizeRel|Win32
		MinSizeRel|x64 = MinSizeRel|x64
		Release|Win32 = Release|Win32
		Release|x64 = Release|x64
		RelWithDebInfo|Win32 = RelWithDebInfo|Win32
		RelWithDebInfo|x64 = RelWithDebInfo|x64
	EndGlobalSection
	GlobalSection(ProjectConfigurationPlatforms) = postSolution
		{24229F25-2CDF-4A7D-9EA4-65D8823D85B7}.Debug|Win32.ActiveCfg = Debug|Win32
		{24229F25-2CDF-4A7D-9EA4-65D8823D85B7}.Debug|Win32.Build.0 = Debug|Win32
		{24229F25-2CDF-4A7D-9EA4-65D8823D85B7}.Debug|x64.ActiveCfg = Debug|x64
		{24229F25-2CDF-4A7D-9EA4-65D8823D85B7}.Debug|x64.Build.0 = Debug|x64
		{24229F25-2CDF-4A7D-9EA4-65D8823D85B7}.MinSizeRel|Win32.ActiveCfg = Release|Win32
		{24229F25-2CDF-4A7D-9EA4-65D8823D85B7}.MinSizeRel|Win32.Build.0 = Release|Win32
		{24229F25-2CDF-4A7D-9EA4-65D8823D85B7}.MinSizeRel|x64.ActiveCfg = Release|x64
		{24229F25-2CDF-4A7D-9EA4-65D8823D85B7}.MinSizeRel|x64.Build.0 = Release|x64
		{24229F25-2CDF-4A7D-9EA4-65D8823D85B7}.Release|Win32.ActiveCfg = Release|Win32
		{24229F25-2CDF-4A7D-9EA4-65D8823D85B7}.Release|Win32.Build.0 = Release|Win32
		{24229F25-2CDF-4A7D-9EA4-65D8823D85B7}.Release|x64.ActiveCfg = Release|x64
		{24229F25-2CDF-4A7D-9EA4-65D8823D85B7}.Release|x64.Build.0 = Release|x64
		{24229F25-2CDF-4A7D-9EA4-65D8823D85B7}.RelWithDebInfo|Win32.ActiveCfg = Release|Win32
		{24229F25-2CDF-4A7D-9EA4-65D8823D85B7}.RelWithDebInfo|Win32.Build.0 = Release|Win32
		{24229F25-2CDF-4A7D-9EA4-65D8823D85B7}.RelWithDebInfo|x64.ActiveCfg = Release|x64
		{24229F25-2CDF-4A7D-9EA4-65D8823D85B7}.RelWithDebInfo|x64.Build.0 = Release|x64
		{69859B7B-2B94-4C0D-90EE-A2C5E8554BCE}.Debug|Win32.ActiveCfg = Debug|Win32
		{69859B7B-2B94-4C0D-90EE-A2C5E8554BCE}.Debug|Win32.Build.0 = Debug|Win32
		{69859B7B-2B94-4C0D-90EE-A2C5E8554BCE}.Debug|x64.ActiveCfg = Debug|x64
		{69859B7B-2B94-4C0D-90EE-A2C5E8554BCE}.Debug|x64.Build.0 = Debug|x64
		{69859B7B-2B94-4C0D-90EE-A2C5E8554BCE}.MinSizeRel|Win32.ActiveCfg = Release|Win32
		{69859B7B-2B94-4C0D-90EE-A2C5E8554BCE}.MinSizeRel|Win32.Build.0 = Release|Win32
		{69859B7B-2B94-4C0D-90EE-A2C5E8554BCE}.MinSizeRel|x64.ActiveCfg = Release|x64
		{69859B7B-2B94-4C0D-90EE-A2C5E8554BCE}.MinSizeRel|x64.Build.0 = Release|x64
		{69859B7B-2B94-4C0D-90EE-A2C5E8554BCE}.Release|Win32.ActiveCfg = Release|Win32
		{69859B7B-2B94-4C0D-90EE-A2C5E8554BCE}.Release|Win32.Build.0 = Release|Win32
		{69859B7B-2B94-4C0D-90EE-A2C5E8554BCE}.Release|x64.ActiveCfg = Release|x64
		{69859B7B-2B94-4C0D-90EE-A2C5E8554BCE}.Release|x64.Build.0 = Release|x64
		{69859B7B-2B94-4C0D-90EE-A2C5E8554BCE}.RelWithDebInfo|Win32.ActiveCfg = Release|Win32
		{69859B7B-2B94-4C0D-90EE-A2C5E8554BCE}.RelWithDebInfo|Win32.Build.0 = Release|Win32
		{69859B7B-2B94-4C0D-90EE-A2C5E8554BCE}.RelWithDebInfo|x64.ActiveCfg = Release|x64
		{69859B7B-2B94-4C0D-90EE-A2C5E8554BCE}.RelWithDebInfo|x64.Build.0 = Release|x64
		{8B0BD623-09D5-4298-BF93-FC31540CC854}.Debug|Win32.ActiveCfg = Debug|Win32
		{8B0BD623-09D5-4298-BF93-FC31540CC854}.Debug|Win32.Build.0 = Debug|Win32
		{8B0BD623-09D5-4298-BF93-FC31540CC854}.Debug|x64.ActiveCfg = Debug|x64
		{8B0BD623-09D5-4298-BF93-FC31540CC854}.Debug|x64.Build.0 = Debug|x64
		{8B0BD623-09D5-4298-BF93-FC31540CC854}.MinSizeRel|Win32.ActiveCfg = Release|Win32
		{8B0BD623-09D5-4298-BF93-FC31540CC854}.MinSizeRel|Win32.Build.0 = Release|Win32
		{8B0BD623-09D5-4298-BF93-FC31540CC854}.MinSizeRel|x64.ActiveCfg = Release|x64
		{8B0BD623-09D5-4298-BF93-FC31540CC854}.MinSizeRel|x64.Build.0 = Release|x64
		{8B0BD623-09D5-4298-BF93-FC31540CC854}.Release|Win32.ActiveCfg = Release|Win32
		{8B0BD623-09D5-4298-BF93-FC31540CC854}.Release|Win32.Build.0 = Release|Win32
		{8B0BD623-09D5-4298-BF93-FC31540CC854}.Release|x64.ActiveCfg = Release|x64
		{8B0BD623-09D5-4298-BF93-FC31540CC854}.Release|x64.Build.0 = Release|x64
		{8B0BD623-09D5-4298-BF93-FC31540CC854}.RelWithDebInfo|Win32.ActiveCfg = Release|Win32
		{8B0BD623-09D5-4298-BF93-FC31540CC854}.RelWithDebInfo|Win32.Build.0 = Release|Win32
		{8B0BD623-09D5-4298-BF93-FC31540CC854}.RelWithDebInfo|x64.ActiveCfg = Release|x64
		{8B0BD623-09D5-4298-BF93-FC31540CC854}.RelWithDebInfo|x64.Build.0 = Release|x64
		{02BD8297-6078-4D09-9BA5-3EDBCF475AE7}.Debug|Win32.ActiveCfg = Debug|Win32
		{02BD8297-6078-4D09-9BA5-3EDBCF475AE7}.Debug|Win32.Build.0 = Debug|Win32
		{02BD8297-6078-4D09-9BA5-3EDBCF475AE7}.Debug|x64.ActiveCfg = Debug|x64
		{02BD8297-6078-4D09-9BA5-3EDBCF475AE7}.Debug|x64.Build.0 = Debug|x64
		{02BD8297-6078-4D09-9BA5-3EDBCF475AE7}.MinSizeRel|Win32.ActiveCfg = Release|Win32
		{02BD8297-6078-4D09-9BA5-3EDBCF475AE7}.MinSizeRel|Win32.Build.0 = Release|Win32
		{02BD8297-6078-4D09-9BA5-3EDBCF475AE7}.MinSizeRel|x64.ActiveCfg = Release|x64
		{02BD8297-6078-4D09-9BA5-3EDBCF475AE7}.MinSizeRel|x64.Build.0 = Release|x64
		{02BD8297-6078-4D09-9BA5-3EDBCF475AE7}.Release|Win32.ActiveCfg = Release|Win32
		{02BD8297-6078-4D09-9BA5-3EDBCF475AE7}.Release|Win32.Build.0 = Release|Win32
		{02BD8297-6078-4D09-9BA5-3EDBCF475AE7}.Release|x64.ActiveCfg = Release|x64
		{02BD8297-6078-4D09-9BA5-3EDBCF475AE7}.Release|x64.Build.0 = Release|x64
		{02BD8297-6078-4D09-9BA5-3EDBCF475AE7}.RelWithDebInfo|Win32.ActiveCfg = Release|Win32
		{02BD8297-6078-4D09-9BA5-3EDBCF475AE7}.RelWithDebInfo|Win32.Build.0 = Release|Win32
		{02BD8297-6078-4D09-9BA5-3EDBCF475AE7}.RelWithDebInfo|x64.ActiveCfg = Release|x64
		{02BD8297-6078-4D09-9BA5-3EDBCF475AE7}.RelWithDebInfo|x64.Build.0 = Release|x64
		{69236BDE-DAF8-3065-A7CF-881FB4FBE838}.Debug|Win32.ActiveCfg = Debug|Win32
		{69236BDE-DAF8-3065-A7CF-881FB4FBE838}.Debug|Win32.Build.0 = Debug|Win32
		{69236BDE-DAF8-3065-A7CF-881FB4FBE838}.Debug|x64.ActiveCfg = Debug|x64
		{69236BDE-DAF8-3065-A7CF-881FB4FBE838}.Debug|x64.Build.0 = Debug|x64
		{69236BDE-DAF8-3065-A7CF-881FB4FBE838}.MinSizeRel|Win32.ActiveCfg = MinSizeRel|Win32
		{69236BDE-DAF8-3065-A7CF-881FB4FBE838}.MinSizeRel|Win32.Build.0 = MinSizeRel|Win32
		{69236BDE-DAF8-3065-A7CF-881FB4FBE838}.MinSizeRel|x64.ActiveCfg = MinSizeRel|x64
		{69236BDE-DAF8-3065-A7CF-881FB4FBE838}.MinSizeRel|x64.Build.0 = MinSizeRel|x64
		{69236BDE-DAF8-3065-A7CF-881FB4FBE838}.Release|Win32.ActiveCfg = Release|Win32
		{69236BDE-DAF8-3065-A7CF-881FB4FBE838}.Release|Win32.Build.0 = Release|Win32
		{69236BDE-DAF8-3065-A7CF-881FB4FBE838}.Release|x64.ActiveCfg = Release|x64
		{69236BDE-DAF8-3065-A7CF-881FB4FBE838}.Release|x64.Build.0 = Release|x64
		{69236BDE-DAF8-3065-A7CF-881FB4FBE838}.RelWithDebInfo|Win32.ActiveCfg = RelWithDebInfo|Win32
		{69236BDE-DAF8-3065-A7CF-881FB4FBE838}.RelWithDebInfo|Win32.Build.0 = RelWithDebInfo|Win32
		{69236BDE-DAF8-3065-A7CF-881FB4FBE838}.RelWithDebInfo|x64.ActiveCfg = RelWithDebInfo|x64
		{69236BDE-DAF8-3065-A7CF-881FB4FBE838}.RelWithDebInfo|x64.Build.0 = RelWithDebInfo|x64
		{8324EDAA-EE23-358C-991D-2A4EC09DBD21}.Debug|Win32.ActiveCfg = Debug|Win32
		{8324EDAA-EE23-358C-991D-2A4EC09DBD21}.Debug|Win32.Build.0 = Debug|Win32
		{8324EDAA-EE23-358C-991D-2A4EC09DBD21}.Debug|x64.ActiveCfg = Debug|x64
		{8324EDAA-EE23-358C-991D-2A4EC09DBD21}.Debug|x64.Build.0 = Debug|x64
		{8324EDAA-EE23-358C-991D-2A4EC09DBD21}.MinSizeRel|Win32.ActiveCfg = MinSizeRel|Win32
		{8324EDAA-EE23-358C-991D-2A4EC09DBD21}.MinSizeRel|Win32.Build.0 = MinSizeRel|Win32
		{8324EDAA-EE23-358C-991D-2A4EC09DBD21}.MinSizeRel|x64.ActiveCfg = MinSizeRel|x64
		{8324EDAA-EE23-358C-991D-2A4EC09DBD21}.MinSizeRel|x64.Build.0 = MinSizeRel|x64
		{8324EDAA-EE23-358C-991D-2A4EC09DBD21}.Release|Win32.ActiveCfg = Release|Win32
		{8324EDAA-EE23-358C-991D-2A4EC09DBD21}.Release|Win32.Build.0 = Release|Win32
		{8324EDAA-EE23-358C-991D-2A4EC09DBD21}.Release|x64.ActiveCfg = Release|x64
		{8324EDAA-EE23-358C-991D-2A4EC09DBD21}.Release|x64.Build.0 = Release|x64
		{8324EDAA-EE23-358C-991D-2A4EC09DBD21}.RelWithDebInfo|Win32.ActiveCfg = RelWithDebInfo|Win32
		{8324EDAA-EE23-358C-991D-2A4EC09DBD21}.RelWithDebInfo|Win32.Build.0 = RelWithDebInfo|Win32
		{8324EDAA-EE23-358C-991D-2A4EC09DBD21}.RelWithDebInfo|x64.ActiveCfg = RelWithDebInfo|x64
		{8324EDAA-EE23-358C-991D-2A4EC09DBD21}.RelWithDebInfo|x64.Build.0 = RelWithDebInfo|x64
	EndGlobalSection
	GlobalSection(SolutionProperties) = preSolution
		HideSolutionNode = FALSE
	EndGlobalSection
EndGlobal
